// !$*UTF8*$!
{
	archiveVersion = 1;
	classes = {
	};
	objectVersion = 46;
	objects = {

/* Begin PBXBuildFile section */
		9F12EBCB1DD30C6600029EAF /* RCTAMapManager.m in Sources */ = {isa = PBXBuildFile; fileRef = 9F12EBCA1DD30C6600029EAF /* RCTAMapManager.m */; };
		9F12EBCC1DD30C6600029EAF /* RCTAMapManager.h in CopyFiles */ = {isa = PBXBuildFile; fileRef = 9F12EBC91DD30C6600029EAF /* RCTAMapManager.h */; };
		9FB04D8A1DD9987100A577E9 /* RCTAMap.m in Sources */ = {isa = PBXBuildFile; fileRef = 9FB04D891DD9987100A577E9 /* RCTAMap.m */; };
/* End PBXBuildFile section */

/* Begin PBXCopyFilesBuildPhase section */
		9F12EBC41DD30C6600029EAF /* CopyFiles */ = {
			isa = PBXCopyFilesBuildPhase;
			buildActionMask = 2147483647;
			dstPath = "include/$(PRODUCT_NAME)";
			dstSubfolderSpec = 16;
			files = (
				9F12EBCC1DD30C6600029EAF /* RCTAMapManager.h in CopyFiles */,
			);
			runOnlyForDeploymentPostprocessing = 0;
		};
/* End PBXCopyFilesBuildPhase section */

/* Begin PBXFileReference section */
		9F12EBC61DD30C6600029EAF /* libRCTAMap.a */ = {isa = PBXFileReference; explicitFileType = archive.ar; includeInIndex = 0; path = libRCTAMap.a; sourceTree = BUILT_PRODUCTS_DIR; };
		9F12EBC91DD30C6600029EAF /* RCTAMapManager.h */ = {isa = PBXFileReference; lastKnownFileType = sourcecode.c.h; path = RCTAMapManager.h; sourceTree = "<group>"; };
		9F12EBCA1DD30C6600029EAF /* RCTAMapManager.m */ = {isa = PBXFileReference; lastKnownFileType = sourcecode.c.objc; path = RCTAMapManager.m; sourceTree = "<group>"; };
		9FB04D881DD9987100A577E9 /* RCTAMap.h */ = {isa = PBXFileReference; fileEncoding = 4; lastKnownFileType = sourcecode.c.h; path = RCTAMap.h; sourceTree = "<group>"; };
		9FB04D891DD9987100A577E9 /* RCTAMap.m */ = {isa = PBXFileReference; fileEncoding = 4; lastKnownFileType = sourcecode.c.objc; path = RCTAMap.m; sourceTree = "<group>"; };
/* End PBXFileReference section */

/* Begin PBXFrameworksBuildPhase section */
		9F12EBC31DD30C6600029EAF /* Frameworks */ = {
			isa = PBXFrameworksBuildPhase;
			buildActionMask = 2147483647;
			files = (
			);
			runOnlyForDeploymentPostprocessing = 0;
		};
/* End PBXFrameworksBuildPhase section */

/* Begin PBXGroup section */
		9F12EBBD1DD30C6600029EAF = {
			isa = PBXGroup;
			children = (
				9F12EBC81DD30C6600029EAF /* RCTAMap */,
				9F12EBC71DD30C6600029EAF /* Products */,
			);
			sourceTree = "<group>";
		};
		9F12EBC71DD30C6600029EAF /* Products */ = {
			isa = PBXGroup;
			children = (
				9F12EBC61DD30C6600029EAF /* libRCTAMap.a */,
			);
			name = Products;
			sourceTree = "<group>";
		};
		9F12EBC81DD30C6600029EAF /* RCTAMap */ = {
			isa = PBXGroup;
			children = (
				9F12EBC91DD30C6600029EAF /* RCTAMapManager.h */,
				9F12EBCA1DD30C6600029EAF /* RCTAMapManager.m */,
				9FB04D881DD9987100A577E9 /* RCTAMap.h */,
				9FB04D891DD9987100A577E9 /* RCTAMap.m */,
			);
			path = RCTAMap;
			sourceTree = "<group>";
		};
/* End PBXGroup section */

/* Begin PBXNativeTarget section */
		9F12EBC51DD30C6600029EAF /* RCTAMap */ = {
			isa = PBXNativeTarget;
			buildConfigurationList = 9F12EBCF1DD30C6600029EAF /* Build configuration list for PBXNativeTarget "RCTAMap" */;
			buildPhases = (
				9F12EBC21DD30C6600029EAF /* Sources */,
				9F12EBC31DD30C6600029EAF /* Frameworks */,
				9F12EBC41DD30C6600029EAF /* CopyFiles */,
			);
			buildRules = (
			);
			dependencies = (
			);
			name = RCTAMap;
			productName = RCTAMap;
			productReference = 9F12EBC61DD30C6600029EAF /* libRCTAMap.a */;
			productType = "com.apple.product-type.library.static";
		};
/* End PBXNativeTarget section */

/* Begin PBXProject section */
		9F12EBBE1DD30C6600029EAF /* Project object */ = {
			isa = PBXProject;
			attributes = {
				LastUpgradeCheck = 0810;
				ORGANIZATIONNAME = "react-native-component";
				TargetAttributes = {
					9F12EBC51DD30C6600029EAF = {
						CreatedOnToolsVersion = 8.1;
						ProvisioningStyle = Automatic;
					};
				};
			};
			buildConfigurationList = 9F12EBC11DD30C6600029EAF /* Build configuration list for PBXProject "RCTAMap" */;
			compatibilityVersion = "Xcode 3.2";
			developmentRegion = English;
			hasScannedForEncodings = 0;
			knownRegions = (
				en,
			);
			mainGroup = 9F12EBBD1DD30C6600029EAF;
			productRefGroup = 9F12EBC71DD30C6600029EAF /* Products */;
			projectDirPath = "";
			projectRoot = "";
			targets = (
				9F12EBC51DD30C6600029EAF /* RCTAMap */,
			);
		};
/* End PBXProject section */

/* Begin PBXSourcesBuildPhase section */
		9F12EBC21DD30C6600029EAF /* Sources */ = {
			isa = PBXSourcesBuildPhase;
			buildActionMask = 2147483647;
			files = (
				9FB04D8A1DD9987100A577E9 /* RCTAMap.m in Sources */,
				9F12EBCB1DD30C6600029EAF /* RCTAMapManager.m in Sources */,
			);
			runOnlyForDeploymentPostprocessing = 0;
		};
/* End PBXSourcesBuildPhase section */

/* Begin XCBuildConfiguration section */
		9F12EBCD1DD30C6600029EAF /* Debug */ = {
			isa = XCBuildConfiguration;
			buildSettings = {
				ALWAYS_SEARCH_USER_PATHS = NO;
				CLANG_ANALYZER_NONNULL = YES;
				CLANG_CXX_LANGUAGE_STANDARD = "gnu++0x";
				CLANG_CXX_LIBRARY = "libc++";
				CLANG_ENABLE_MODULES = YES;
				CLANG_ENABLE_OBJC_ARC = YES;
				CLANG_WARN_BOOL_CONVERSION = YES;
				CLANG_WARN_CONSTANT_CONVERSION = YES;
				CLANG_WARN_DIRECT_OBJC_ISA_USAGE = YES_ERROR;
				CLANG_WARN_DOCUMENTATION_COMMENTS = YES;
				CLANG_WARN_EMPTY_BODY = YES;
				CLANG_WARN_ENUM_CONVERSION = YES;
				CLANG_WARN_INFINITE_RECURSION = YES;
				CLANG_WARN_INT_CONVERSION = YES;
				CLANG_WARN_OBJC_ROOT_CLASS = YES_ERROR;
				CLANG_WARN_SUSPICIOUS_MOVES = YES;
				CLANG_WARN_UNREACHABLE_CODE = YES;
				CLANG_WARN__DUPLICATE_METHOD_MATCH = YES;
				"CODE_SIGN_IDENTITY[sdk=iphoneos*]" = "iPhone Developer";
				COPY_PHASE_STRIP = NO;
				DEBUG_INFORMATION_FORMAT = dwarf;
				ENABLE_STRICT_OBJC_MSGSEND = YES;
				ENABLE_TESTABILITY = YES;
				FRAMEWORK_SEARCH_PATHS = "$(SRCROOT)/../../../ios/Frameworks";
				GCC_C_LANGUAGE_STANDARD = gnu99;
				GCC_DYNAMIC_NO_PIC = NO;
				GCC_NO_COMMON_BLOCKS = YES;
				GCC_OPTIMIZATION_LEVEL = 0;
				GCC_PREFIX_HEADER = "";
				GCC_PREPROCESSOR_DEFINITIONS = (
					"DEBUG=1",
					"$(inherited)",
				);
				GCC_WARN_64_TO_32_BIT_CONVERSION = YES;
				GCC_WARN_ABOUT_RETURN_TYPE = YES_ERROR;
				GCC_WARN_UNDECLARED_SELECTOR = YES;
				GCC_WARN_UNINITIALIZED_AUTOS = YES_AGGRESSIVE;
				GCC_WARN_UNUSED_FUNCTION = YES;
				GCC_WARN_UNUSED_VARIABLE = YES;
				HEADER_SEARCH_PATHS = (
					"$(inherited)",
					/Applications/Xcode.app/Contents/Developer/Toolchains/XcodeDefault.xctoolchain/usr/include,
					"$(SRCROOT)/../../../react-native/React/**",
				);
				IPHONEOS_DEPLOYMENT_TARGET = 10.1;
				LD_RUNPATH_SEARCH_PATHS = "$(inherited) @executable_path/Frameworks";
				MTL_ENABLE_DEBUG_INFO = YES;
				ONLY_ACTIVE_ARCH = YES;
				SDKROOT = iphoneos;
			};
			name = Debug;
		};
		9F12EBCE1DD30C6600029EAF /* Release */ = {
			isa = XCBuildConfiguration;
			buildSettings = {
				ALWAYS_SEARCH_USER_PATHS = NO;
				CLANG_ANALYZER_NONNULL = YES;
				CLANG_CXX_LANGUAGE_STANDARD = "gnu++0x";
				CLANG_CXX_LIBRARY = "libc++";
				CLANG_ENABLE_MODULES = YES;
				CLANG_ENABLE_OBJC_ARC = YES;
				CLANG_WARN_BOOL_CONVERSION = YES;
				CLANG_WARN_CONSTANT_CONVERSION = YES;
				CLANG_WARN_DIRECT_OBJC_ISA_USAGE = YES_ERROR;
				CLANG_WARN_DOCUMENTATION_COMMENTS = YES;
				CLANG_WARN_EMPTY_BODY = YES;
				CLANG_WARN_ENUM_CONVERSION = YES;
				CLANG_WARN_INFINITE_RECURSION = YES;
				CLANG_WARN_INT_CONVERSION = YES;
				CLANG_WARN_OBJC_ROOT_CLASS = YES_ERROR;
				CLANG_WARN_SUSPICIOUS_MOVES = YES;
				CLANG_WARN_UNREACHABLE_CODE = YES;
				CLANG_WARN__DUPLICATE_METHOD_MATCH = YES;
				"CODE_SIGN_IDENTITY[sdk=iphoneos*]" = "iPhone Developer";
				COPY_PHASE_STRIP = NO;
				DEBUG_INFORMATION_FORMAT = "dwarf-with-dsym";
				ENABLE_NS_ASSERTIONS = NO;
				ENABLE_STRICT_OBJC_MSGSEND = YES;
				FRAMEWORK_SEARCH_PATHS = "$(SRCROOT)/../../../ios/Frameworks";
				GCC_C_LANGUAGE_STANDARD = gnu99;
				GCC_NO_COMMON_BLOCKS = YES;
				GCC_PREFIX_HEADER = "";
				GCC_WARN_64_TO_32_BIT_CONVERSION = YES;
				GCC_WARN_ABOUT_RETURN_TYPE = YES_ERROR;
				GCC_WARN_UNDECLARED_SELECTOR = YES;
				GCC_WARN_UNINITIALIZED_AUTOS = YES_AGGRESSIVE;
				GCC_WARN_UNUSED_FUNCTION = YES;
				GCC_WARN_UNUSED_VARIABLE = YES;
				HEADER_SEARCH_PATHS = (
					"$(inherited)",
					/Applications/Xcode.app/Contents/Developer/Toolchains/XcodeDefault.xctoolchain/usr/include,
					"$(SRCROOT)/../../../react-native/React/**",
				);
				IPHONEOS_DEPLOYMENT_TARGET = 10.1;
				LD_RUNPATH_SEARCH_PATHS = "$(inherited) @executable_path/Frameworks";
				MTL_ENABLE_DEBUG_INFO = NO;
				SDKROOT = iphoneos;
				VALIDATE_PRODUCT = YES;
			};
			name = Release;
		};
		9F12EBD01DD30C6600029EAF /* Debug */ = {
			isa = XCBuildConfiguration;
			buildSettings = {
				FRAMEWORK_SEARCH_PATHS = (
					"$(SRCROOT)/../../../../ios/Pods/AMapFoundation",
					"$(SRCROOT)/../../../../ios/Pods/AMapSearch",
					"$(SRCROOT)/../../../../ios/Pods/AMap3DMap",
					"$(SRCROOT)/../../../../ios/Frameworks",
				);
				HEADER_SEARCH_PATHS = (
					"$(inherited)",
					/Applications/Xcode.app/Contents/Developer/Toolchains/XcodeDefault.xctoolchain/usr/include,
					"$(SRCROOT)/../../../react-native/React/**",
				);
				ONLY_ACTIVE_ARCH = YES;
				OTHER_LDFLAGS = "";
				PRODUCT_NAME = "$(TARGET_NAME)";
				SKIP_INSTALL = YES;
			};
			name = Debug;
		};
		9F12EBD11DD30C6600029EAF /* Release */ = {
			isa = XCBuildConfiguration;
			buildSettings = {
				FRAMEWORK_SEARCH_PATHS = (
					"$(SRCROOT)/../../../../ios/Pods/AMapFoundation",
					"$(SRCROOT)/../../../../ios/Pods/AMapSearch",
					"$(SRCROOT)/../../../../ios/Pods/AMap3DMap",
					"$(SRCROOT)/../../../../ios/Frameworks",
				);
				HEADER_SEARCH_PATHS = (
					"$(inherited)",
					/Applications/Xcode.app/Contents/Developer/Toolchains/XcodeDefault.xctoolchain/usr/include,
					"$(SRCROOT)/../../../react-native/React/**",
				);
				OTHER_LDFLAGS = "";
				PRODUCT_NAME = "$(TARGET_NAME)";
				SKIP_INSTALL = YES;
			};
			name = Release;
		};
/* End XCBuildConfiguration section */

/* Begin XCConfigurationList section */
		9F12EBC11DD30C6600029EAF /* Build configuration list for PBXProject "RCTAMap" */ = {
			isa = XCConfigurationList;
			buildConfigurations = (
				9F12EBCD1DD30C6600029EAF /* Debug */,
				9F12EBCE1DD30C6600029EAF /* Release */,
			);
			defaultConfigurationIsVisible = 0;
			defaultConfigurationName = Release;
		};
		9F12EBCF1DD30C6600029EAF /* Build configuration list for PBXNativeTarget "RCTAMap" */ = {
			isa = XCConfigurationList;
			buildConfigurations = (
				9F12EBD01DD30C6600029EAF /* Debug */,
				9F12EBD11DD30C6600029EAF /* Release */,
			);
			defaultConfigurationIsVisible = 0;
			defaultConfigurationName = Release;
		};
/* End XCConfigurationList section */
	};
	rootObject = 9F12EBBE1DD30C6600029EAF /* Project object */;
}
